
Microsoft Visual Studio Solution File, Format Version 12.00
# Visual Studio Version 16
VisualStudioVersion = 16.0.29102.190
MinimumVisualStudioVersion = 10.0.40219.1
Project("{9A19103F-16F7-4668-BE54-9A1E7A4F7556}") = "Blue.Domain", "Blue.Domain\Blue.Domain.csproj", "{AFD86B51-7566-4A1B-BE4E-D76D7DF1A9FF}"
EndProject
Project("{9A19103F-16F7-4668-BE54-9A1E7A4F7556}") = "Blue.Service.Business", "Blue.Service.Business\Blue.Service.Business.csproj", "{7675A5BA-D124-4F9F-BF45-ED65C0371A2D}"
EndProject
Project("{9A19103F-16F7-4668-BE54-9A1E7A4F7556}") = "Blue.Core", "Blue.Core\Blue.Core.csproj", "{AA6C99E0-0223-44F1-9E66-5563DCDB2282}"
EndProject
Project("{9A19103F-16F7-4668-BE54-9A1E7A4F7556}") = "Blue.Infrastructure", "Blue.Infrastructure\Blue.Infrastructure.csproj", "{1AC51F65-434B-4858-BE6F-149AADD6F5B3}"
EndProject
Project("{9A19103F-16F7-4668-BE54-9A1E7A4F7556}") = "Blue.Service.Proxy", "Blue.Service.Proxy\Blue.Service.Proxy.csproj", "{C56BA5F0-8C51-4848-9C5E-6ABA21A308E0}"
EndProject
Global
	GlobalSection(SolutionConfigurationPlatforms) = preSolution
		Debug|Any CPU = Debug|Any CPU
		Release|Any CPU = Release|Any CPU
	EndGlobalSection
	GlobalSection(ProjectConfigurationPlatforms) = postSolution
		{AFD86B51-7566-4A1B-BE4E-D76D7DF1A9FF}.Debug|Any CPU.ActiveCfg = Debug|Any CPU
		{AFD86B51-7566-4A1B-BE4E-D76D7DF1A9FF}.Debug|Any CPU.Build.0 = Debug|Any CPU
		{AFD86B51-7566-4A1B-BE4E-D76D7DF1A9FF}.Release|Any CPU.ActiveCfg = Release|Any CPU
		{AFD86B51-7566-4A1B-BE4E-D76D7DF1A9FF}.Release|Any CPU.Build.0 = Release|Any CPU
		{7675A5BA-D124-4F9F-BF45-ED65C0371A2D}.Debug|Any CPU.ActiveCfg = Debug|Any CPU
		{7675A5BA-D124-4F9F-BF45-ED65C0371A2D}.Debug|Any CPU.Build.0 = Debug|Any CPU
		{7675A5BA-D124-4F9F-BF45-ED65C0371A2D}.Release|Any CPU.ActiveCfg = Release|Any CPU
		{7675A5BA-D124-4F9F-BF45-ED65C0371A2D}.Release|Any CPU.Build.0 = Release|Any CPU
		{AA6C99E0-0223-44F1-9E66-5563DCDB2282}.Debug|Any CPU.ActiveCfg = Debug|Any CPU
		{AA6C99E0-0223-44F1-9E66-5563DCDB2282}.Debug|Any CPU.Build.0 = Debug|Any CPU
		{AA6C99E0-0223-44F1-9E66-5563DCDB2282}.Release|Any CPU.ActiveCfg = Release|Any CPU
		{AA6C99E0-0223-44F1-9E66-5563DCDB2282}.Release|Any CPU.Build.0 = Release|Any CPU
		{1AC51F65-434B-4858-BE6F-149AADD6F5B3}.Debug|Any CPU.ActiveCfg = Debug|Any CPU
		{1AC51F65-434B-4858-BE6F-149AADD6F5B3}.Debug|Any CPU.Build.0 = Debug|Any CPU
		{1AC51F65-434B-4858-BE6F-149AADD6F5B3}.Release|Any CPU.ActiveCfg = Release|Any CPU
		{1AC51F65-434B-4858-BE6F-149AADD6F5B3}.Release|Any CPU.Build.0 = Release|Any CPU
		{C56BA5F0-8C51-4848-9C5E-6ABA21A308E0}.Debug|Any CPU.ActiveCfg = Debug|Any CPU
		{C56BA5F0-8C51-4848-9C5E-6ABA21A308E0}.Debug|Any CPU.Build.0 = Debug|Any CPU
		{C56BA5F0-8C51-4848-9C5E-6ABA21A308E0}.Release|Any CPU.ActiveCfg = Release|Any CPU
		{C56BA5F0-8C51-4848-9C5E-6ABA21A308E0}.Release|Any CPU.Build.0 = Release|Any CPU
	EndGlobalSection
	GlobalSection(SolutionProperties) = preSolution
		HideSolutionNode = FALSE
	EndGlobalSection
	GlobalSection(ExtensibilityGlobals) = postSolution
		SolutionGuid = {D918DF75-EC8C-4A4A-A3F0-CF31706954B8}
	EndGlobalSection
EndGlobal
